
Microsoft Visual Studio Solution File, Format Version 12.00
# Visual Studio Version 17
VisualStudioVersion = 17.11.35222.181
MinimumVisualStudioVersion = 10.0.40219.1
Project("{FAE04EC0-301F-11D3-BF4B-00C04F79EFBC}") = "Redes", "Redes\Redes.csproj", "{589A5206-C2D6-4BD2-978F-806FB01CD0A7}"
EndProject
Global
	GlobalSection(SolutionConfigurationPlatforms) = preSolution
		Debug|Any CPU = Debug|Any CPU
		Release|Any CPU = Release|Any CPU
	EndGlobalSection
	GlobalSection(ProjectConfigurationPlatforms) = postSolution
		{589A5206-C2D6-4BD2-978F-806FB01CD0A7}.Debug|Any CPU.ActiveCfg = Debug|Any CPU
		{589A5206-C2D6-4BD2-978F-806FB01CD0A7}.Debug|Any CPU.Build.0 = Debug|Any CPU
		{589A5206-C2D6-4BD2-978F-806FB01CD0A7}.Release|Any CPU.ActiveCfg = Release|Any CPU
		{589A5206-C2D6-4BD2-978F-806FB01CD0A7}.Release|Any CPU.Build.0 = Release|Any CPU
	EndGlobalSection
	GlobalSection(SolutionProperties) = preSolution
		HideSolutionNode = FALSE
	EndGlobalSection
	GlobalSection(ExtensibilityGlobals) = postSolution
		SolutionGuid = {BBC3CBB1-E98B-428F-9474-973318BE609F}
	EndGlobalSection
EndGlobal
