
Microsoft Visual Studio Solution File, Format Version 12.00
# Visual Studio Version 17
VisualStudioVersion = 17.5.002.0
MinimumVisualStudioVersion = 10.0.40219.1
Project("{9A19103F-16F7-4668-BE54-9A1E7A4F7556}") = "Redes", "Redes.csproj", "{774E3D30-76E9-43DB-B600-1F626CEDA423}"
EndProject
Global
	GlobalSection(SolutionConfigurationPlatforms) = preSolution
		Debug|Any CPU = Debug|Any CPU
		Release|Any CPU = Release|Any CPU
	EndGlobalSection
	GlobalSection(ProjectConfigurationPlatforms) = postSolution
		{774E3D30-76E9-43DB-B600-1F626CEDA423}.Debug|Any CPU.ActiveCfg = Debug|Any CPU
		{774E3D30-76E9-43DB-B600-1F626CEDA423}.Debug|Any CPU.Build.0 = Debug|Any CPU
		{774E3D30-76E9-43DB-B600-1F626CEDA423}.Release|Any CPU.ActiveCfg = Release|Any CPU
		{774E3D30-76E9-43DB-B600-1F626CEDA423}.Release|Any CPU.Build.0 = Release|Any CPU
	EndGlobalSection
	GlobalSection(SolutionProperties) = preSolution
		HideSolutionNode = FALSE
	EndGlobalSection
	GlobalSection(ExtensibilityGlobals) = postSolution
		SolutionGuid = {F3328036-02DE-4F72-8919-4DD2F25D63FC}
	EndGlobalSection
EndGlobal
